// !$*UTF8*$!
{
	archiveVersion = 1;
	classes = {
	};
	objectVersion = 45;
	objects = {

/* Begin PBXBuildFile section */
		1D60589F0D05DD5A006BFB54 /* Foundation.framework in Frameworks */ = {isa = PBXBuildFile; fileRef = 1D30AB110D05D00D00671497 /* Foundation.framework */; };
		1DF5F4E00D08C38300B7A737 /* UIKit.framework in Frameworks */ = {isa = PBXBuildFile; fileRef = 1DF5F4DF0D08C38300B7A737 /* UIKit.framework */; };
		288765A50DF7441C002DB57D /* CoreGraphics.framework in Frameworks */ = {isa = PBXBuildFile; fileRef = 288765A40DF7441C002DB57D /* CoreGraphics.framework */; };
		28AD733F0D9D9553002E5188 /* MainWindow.xib in Resources */ = {isa = PBXBuildFile; fileRef = 28AD733E0D9D9553002E5188 /* MainWindow.xib */; };
		DA67304212C82DD400643330 /* Speaker-icon.png in Resources */ = {isa = PBXBuildFile; fileRef = DA67304112C82DD400643330 /* Speaker-icon.png */; };
		DA67305C12C833C900643330 /* btn_pause_pressed.png in Resources */ = {isa = PBXBuildFile; fileRef = DA67305812C833C900643330 /* btn_pause_pressed.png */; };
		DA67305D12C833C900643330 /* btn_pause.png in Resources */ = {isa = PBXBuildFile; fileRef = DA67305912C833C900643330 /* btn_pause.png */; };
		DA67305E12C833C900643330 /* btn_play_pressed.png in Resources */ = {isa = PBXBuildFile; fileRef = DA67305A12C833C900643330 /* btn_play_pressed.png */; };
		DA67305F12C833C900643330 /* btn_play.png in Resources */ = {isa = PBXBuildFile; fileRef = DA67305B12C833C900643330 /* btn_play.png */; };
		DA9EAC4F12C8A8640098EFE5 /* PlayerManager.m in Sources */ = {isa = PBXBuildFile; fileRef = DA9EAC4212C8A8640098EFE5 /* PlayerManager.m */; };
		DA9EAC5012C8A8640098EFE5 /* PlayViewController.m in Sources */ = {isa = PBXBuildFile; fileRef = DA9EAC4412C8A8640098EFE5 /* PlayViewController.m */; };
		DA9EAC5112C8A8640098EFE5 /* DropVoxAppDelegate.m in Sources */ = {isa = PBXBuildFile; fileRef = DA9EAC4612C8A8640098EFE5 /* DropVoxAppDelegate.m */; };
		DA9EAC5212C8A8640098EFE5 /* main.m in Sources */ = {isa = PBXBuildFile; fileRef = DA9EAC4712C8A8640098EFE5 /* main.m */; };
		DA9EAC5312C8A8640098EFE5 /* PlayView.m in Sources */ = {isa = PBXBuildFile; fileRef = DA9EAC4C12C8A8640098EFE5 /* PlayView.m */; };
		DA9EAC5412C8A8640098EFE5 /* UIPlayPauseButton.m in Sources */ = {isa = PBXBuildFile; fileRef = DA9EAC4E12C8A8640098EFE5 /* UIPlayPauseButton.m */; };
		DAF54EC412C8758900BD2060 /* btn_back_pressed.png in Resources */ = {isa = PBXBuildFile; fileRef = DAF54EBD12C8758900BD2060 /* btn_back_pressed.png */; };
		DAF54EC512C8758900BD2060 /* btn_back.png in Resources */ = {isa = PBXBuildFile; fileRef = DAF54EBE12C8758900BD2060 /* btn_back.png */; };
		DAF54EC612C8758900BD2060 /* btn_forward_pressed.png in Resources */ = {isa = PBXBuildFile; fileRef = DAF54EBF12C8758900BD2060 /* btn_forward_pressed.png */; };
		DAF54EC712C8758900BD2060 /* btn_forward.png in Resources */ = {isa = PBXBuildFile; fileRef = DAF54EC012C8758900BD2060 /* btn_forward.png */; };
		DAF54EC812C8758900BD2060 /* icon_checkmark.png in Resources */ = {isa = PBXBuildFile; fileRef = DAF54EC112C8758900BD2060 /* icon_checkmark.png */; };
		DAF54EC912C8758900BD2060 /* icon_nowplaying.png in Resources */ = {isa = PBXBuildFile; fileRef = DAF54EC212C8758900BD2060 /* icon_nowplaying.png */; };
		DAF54EF712C8780D00BD2060 /* background.png in Resources */ = {isa = PBXBuildFile; fileRef = DAF54EF512C8780D00BD2060 /* background.png */; };
		DAF54EF812C8780D00BD2060 /* background@2x.png in Resources */ = {isa = PBXBuildFile; fileRef = DAF54EF612C8780D00BD2060 /* background@2x.png */; };
		DAF54F6512C886AA00BD2060 /* AudioToolbox.framework in Frameworks */ = {isa = PBXBuildFile; fileRef = DAF54F6412C886AA00BD2060 /* AudioToolbox.framework */; };
/* End PBXBuildFile section */

/* Begin PBXFileReference section */
		1D30AB110D05D00D00671497 /* Foundation.framework */ = {isa = PBXFileReference; lastKnownFileType = wrapper.framework; name = Foundation.framework; path = System/Library/Frameworks/Foundation.framework; sourceTree = SDKROOT; };
		1D6058910D05DD3D006BFB54 /* DropVox.app */ = {isa = PBXFileReference; explicitFileType = wrapper.application; includeInIndex = 0; path = DropVox.app; sourceTree = BUILT_PRODUCTS_DIR; };
		1DF5F4DF0D08C38300B7A737 /* UIKit.framework */ = {isa = PBXFileReference; lastKnownFileType = wrapper.framework; name = UIKit.framework; path = System/Library/Frameworks/UIKit.framework; sourceTree = SDKROOT; };
		288765A40DF7441C002DB57D /* CoreGraphics.framework */ = {isa = PBXFileReference; lastKnownFileType = wrapper.framework; name = CoreGraphics.framework; path = System/Library/Frameworks/CoreGraphics.framework; sourceTree = SDKROOT; };
		28AD733E0D9D9553002E5188 /* MainWindow.xib */ = {isa = PBXFileReference; lastKnownFileType = file.xib; path = MainWindow.xib; sourceTree = "<group>"; };
		32CA4F630368D1EE00C91783 /* DropVox_Prefix.pch */ = {isa = PBXFileReference; fileEncoding = 4; lastKnownFileType = sourcecode.c.h; path = DropVox_Prefix.pch; sourceTree = "<group>"; };
		8D1107310486CEB800E47090 /* DropVox-Info.plist */ = {isa = PBXFileReference; fileEncoding = 4; lastKnownFileType = text.plist.xml; path = "DropVox-Info.plist"; plistStructureDefinitionIdentifier = "com.apple.xcode.plist.structure-definition.iphone.info-plist"; sourceTree = "<group>"; };
		DA67304112C82DD400643330 /* Speaker-icon.png */ = {isa = PBXFileReference; lastKnownFileType = image.png; name = "Speaker-icon.png"; path = "resources/Speaker-icon.png"; sourceTree = "<group>"; };
		DA67305812C833C900643330 /* btn_pause_pressed.png */ = {isa = PBXFileReference; lastKnownFileType = image.png; name = btn_pause_pressed.png; path = resources/btn_pause_pressed.png; sourceTree = "<group>"; };
		DA67305912C833C900643330 /* btn_pause.png */ = {isa = PBXFileReference; lastKnownFileType = image.png; name = btn_pause.png; path = resources/btn_pause.png; sourceTree = "<group>"; };
		DA67305A12C833C900643330 /* btn_play_pressed.png */ = {isa = PBXFileReference; lastKnownFileType = image.png; name = btn_play_pressed.png; path = resources/btn_play_pressed.png; sourceTree = "<group>"; };
		DA67305B12C833C900643330 /* btn_play.png */ = {isa = PBXFileReference; lastKnownFileType = image.png; name = btn_play.png; path = resources/btn_play.png; sourceTree = "<group>"; };
		DA9EAC4112C8A8640098EFE5 /* PlayerManager.h */ = {isa = PBXFileReference; fileEncoding = 4; lastKnownFileType = sourcecode.c.h; path = PlayerManager.h; sourceTree = "<group>"; };
		DA9EAC4212C8A8640098EFE5 /* PlayerManager.m */ = {isa = PBXFileReference; fileEncoding = 4; lastKnownFileType = sourcecode.c.objc; path = PlayerManager.m; sourceTree = "<group>"; };
		DA9EAC4312C8A8640098EFE5 /* PlayViewController.h */ = {isa = PBXFileReference; fileEncoding = 4; lastKnownFileType = sourcecode.c.h; path = PlayViewController.h; sourceTree = "<group>"; };
		DA9EAC4412C8A8640098EFE5 /* PlayViewController.m */ = {isa = PBXFileReference; fileEncoding = 4; lastKnownFileType = sourcecode.c.objc; path = PlayViewController.m; sourceTree = "<group>"; };
		DA9EAC4512C8A8640098EFE5 /* DropVoxAppDelegate.h */ = {isa = PBXFileReference; fileEncoding = 4; lastKnownFileType = sourcecode.c.h; path = DropVoxAppDelegate.h; sourceTree = "<group>"; };
		DA9EAC4612C8A8640098EFE5 /* DropVoxAppDelegate.m */ = {isa = PBXFileReference; fileEncoding = 4; lastKnownFileType = sourcecode.c.objc; path = DropVoxAppDelegate.m; sourceTree = "<group>"; };
		DA9EAC4712C8A8640098EFE5 /* main.m */ = {isa = PBXFileReference; fileEncoding = 4; lastKnownFileType = sourcecode.c.objc; path = main.m; sourceTree = "<group>"; };
		DA9EAC4912C8A8640098EFE5 /* PlayerStateCallbackProtocol.h */ = {isa = PBXFileReference; fileEncoding = 4; lastKnownFileType = sourcecode.c.h; path = PlayerStateCallbackProtocol.h; sourceTree = "<group>"; };
		DA9EAC4B12C8A8640098EFE5 /* PlayView.h */ = {isa = PBXFileReference; fileEncoding = 4; lastKnownFileType = sourcecode.c.h; path = PlayView.h; sourceTree = "<group>"; };
		DA9EAC4C12C8A8640098EFE5 /* PlayView.m */ = {isa = PBXFileReference; fileEncoding = 4; lastKnownFileType = sourcecode.c.objc; path = PlayView.m; sourceTree = "<group>"; };
		DA9EAC4D12C8A8640098EFE5 /* UIPlayPauseButton.h */ = {isa = PBXFileReference; fileEncoding = 4; lastKnownFileType = sourcecode.c.h; path = UIPlayPauseButton.h; sourceTree = "<group>"; };
		DA9EAC4E12C8A8640098EFE5 /* UIPlayPauseButton.m */ = {isa = PBXFileReference; fileEncoding = 4; lastKnownFileType = sourcecode.c.objc; path = UIPlayPauseButton.m; sourceTree = "<group>"; };
		DAF54EBD12C8758900BD2060 /* btn_back_pressed.png */ = {isa = PBXFileReference; lastKnownFileType = image.png; name = btn_back_pressed.png; path = resources/btn_back_pressed.png; sourceTree = "<group>"; };
		DAF54EBE12C8758900BD2060 /* btn_back.png */ = {isa = PBXFileReference; lastKnownFileType = image.png; name = btn_back.png; path = resources/btn_back.png; sourceTree = "<group>"; };
		DAF54EBF12C8758900BD2060 /* btn_forward_pressed.png */ = {isa = PBXFileReference; lastKnownFileType = image.png; name = btn_forward_pressed.png; path = resources/btn_forward_pressed.png; sourceTree = "<group>"; };
		DAF54EC012C8758900BD2060 /* btn_forward.png */ = {isa = PBXFileReference; lastKnownFileType = image.png; name = btn_forward.png; path = resources/btn_forward.png; sourceTree = "<group>"; };
		DAF54EC112C8758900BD2060 /* icon_checkmark.png */ = {isa = PBXFileReference; lastKnownFileType = image.png; name = icon_checkmark.png; path = resources/icon_checkmark.png; sourceTree = "<group>"; };
		DAF54EC212C8758900BD2060 /* icon_nowplaying.png */ = {isa = PBXFileReference; lastKnownFileType = image.png; name = icon_nowplaying.png; path = resources/icon_nowplaying.png; sourceTree = "<group>"; };
		DAF54EF512C8780D00BD2060 /* background.png */ = {isa = PBXFileReference; lastKnownFileType = image.png; name = background.png; path = resources/background.png; sourceTree = "<group>"; };
		DAF54EF612C8780D00BD2060 /* background@2x.png */ = {isa = PBXFileReference; lastKnownFileType = image.png; name = "background@2x.png"; path = "resources/background@2x.png"; sourceTree = "<group>"; };
		DAF54F6412C886AA00BD2060 /* AudioToolbox.framework */ = {isa = PBXFileReference; lastKnownFileType = wrapper.framework; name = AudioToolbox.framework; path = System/Library/Frameworks/AudioToolbox.framework; sourceTree = SDKROOT; };
/* End PBXFileReference section */

/* Begin PBXFrameworksBuildPhase section */
		1D60588F0D05DD3D006BFB54 /* Frameworks */ = {
			isa = PBXFrameworksBuildPhase;
			buildActionMask = 2147483647;
			files = (
				1D60589F0D05DD5A006BFB54 /* Foundation.framework in Frameworks */,
				1DF5F4E00D08C38300B7A737 /* UIKit.framework in Frameworks */,
				288765A50DF7441C002DB57D /* CoreGraphics.framework in Frameworks */,
				DAF54F6512C886AA00BD2060 /* AudioToolbox.framework in Frameworks */,
			);
			runOnlyForDeploymentPostprocessing = 0;
		};
/* End PBXFrameworksBuildPhase section */

/* Begin PBXGroup section */
		19C28FACFE9D520D11CA2CBB /* Products */ = {
			isa = PBXGroup;
			children = (
				1D6058910D05DD3D006BFB54 /* DropVox.app */,
			);
			name = Products;
			sourceTree = "<group>";
		};
		29B97314FDCFA39411CA2CEA /* CustomTemplate */ = {
			isa = PBXGroup;
			children = (
				DA9EAC3F12C8A8640098EFE5 /* Code */,
				29B97315FDCFA39411CA2CEA /* Other Sources */,
				29B97317FDCFA39411CA2CEA /* Resources */,
				29B97323FDCFA39411CA2CEA /* Frameworks */,
				19C28FACFE9D520D11CA2CBB /* Products */,
			);
			name = CustomTemplate;
			sourceTree = "<group>";
		};
		29B97315FDCFA39411CA2CEA /* Other Sources */ = {
			isa = PBXGroup;
			children = (
				32CA4F630368D1EE00C91783 /* DropVox_Prefix.pch */,
			);
			name = "Other Sources";
			sourceTree = "<group>";
		};
		29B97317FDCFA39411CA2CEA /* Resources */ = {
			isa = PBXGroup;
			children = (
				DAF54EF512C8780D00BD2060 /* background.png */,
				DAF54EF612C8780D00BD2060 /* background@2x.png */,
				DAF54EBD12C8758900BD2060 /* btn_back_pressed.png */,
				DAF54EBE12C8758900BD2060 /* btn_back.png */,
				DAF54EBF12C8758900BD2060 /* btn_forward_pressed.png */,
				DAF54EC012C8758900BD2060 /* btn_forward.png */,
				DAF54EC112C8758900BD2060 /* icon_checkmark.png */,
				DAF54EC212C8758900BD2060 /* icon_nowplaying.png */,
				DA67305812C833C900643330 /* btn_pause_pressed.png */,
				DA67305912C833C900643330 /* btn_pause.png */,
				DA67305A12C833C900643330 /* btn_play_pressed.png */,
				DA67305B12C833C900643330 /* btn_play.png */,
				DA67304112C82DD400643330 /* Speaker-icon.png */,
				28AD733E0D9D9553002E5188 /* MainWindow.xib */,
				8D1107310486CEB800E47090 /* DropVox-Info.plist */,
			);
			name = Resources;
			sourceTree = "<group>";
		};
		29B97323FDCFA39411CA2CEA /* Frameworks */ = {
			isa = PBXGroup;
			children = (
				1DF5F4DF0D08C38300B7A737 /* UIKit.framework */,
				1D30AB110D05D00D00671497 /* Foundation.framework */,
				288765A40DF7441C002DB57D /* CoreGraphics.framework */,
				DAF54F6412C886AA00BD2060 /* AudioToolbox.framework */,
			);
			name = Frameworks;
			sourceTree = "<group>";
		};
		DA9EAC3F12C8A8640098EFE5 /* Code */ = {
			isa = PBXGroup;
			children = (
				DA9EAC4012C8A8640098EFE5 /* Controllers */,
				DA9EAC4512C8A8640098EFE5 /* DropVoxAppDelegate.h */,
				DA9EAC4612C8A8640098EFE5 /* DropVoxAppDelegate.m */,
				DA9EAC4712C8A8640098EFE5 /* main.m */,
				DA9EAC4812C8A8640098EFE5 /* Protocols */,
				DA9EAC4A12C8A8640098EFE5 /* Views */,
			);
			path = Code;
			sourceTree = "<group>";
		};
		DA9EAC4012C8A8640098EFE5 /* Controllers */ = {
			isa = PBXGroup;
			children = (
				DA9EAC4112C8A8640098EFE5 /* PlayerManager.h */,
				DA9EAC4212C8A8640098EFE5 /* PlayerManager.m */,
				DA9EAC4312C8A8640098EFE5 /* PlayViewController.h */,
				DA9EAC4412C8A8640098EFE5 /* PlayViewController.m */,
			);
			path = Controllers;
			sourceTree = "<group>";
		};
		DA9EAC4812C8A8640098EFE5 /* Protocols */ = {
			isa = PBXGroup;
			children = (
				DA9EAC4912C8A8640098EFE5 /* PlayerStateCallbackProtocol.h */,
			);
			path = Protocols;
			sourceTree = "<group>";
		};
		DA9EAC4A12C8A8640098EFE5 /* Views */ = {
			isa = PBXGroup;
			children = (
				DA9EAC4B12C8A8640098EFE5 /* PlayView.h */,
				DA9EAC4C12C8A8640098EFE5 /* PlayView.m */,
				DA9EAC4D12C8A8640098EFE5 /* UIPlayPauseButton.h */,
				DA9EAC4E12C8A8640098EFE5 /* UIPlayPauseButton.m */,
			);
			path = Views;
			sourceTree = "<group>";
		};
/* End PBXGroup section */

/* Begin PBXNativeTarget section */
		1D6058900D05DD3D006BFB54 /* DropVox */ = {
			isa = PBXNativeTarget;
			buildConfigurationList = 1D6058960D05DD3E006BFB54 /* Build configuration list for PBXNativeTarget "DropVox" */;
			buildPhases = (
				1D60588D0D05DD3D006BFB54 /* Resources */,
				1D60588E0D05DD3D006BFB54 /* Sources */,
				1D60588F0D05DD3D006BFB54 /* Frameworks */,
			);
			buildRules = (
			);
			dependencies = (
			);
			name = DropVox;
			productName = DropVox;
			productReference = 1D6058910D05DD3D006BFB54 /* DropVox.app */;
			productType = "com.apple.product-type.application";
		};
/* End PBXNativeTarget section */

/* Begin PBXProject section */
		29B97313FDCFA39411CA2CEA /* Project object */ = {
			isa = PBXProject;
			buildConfigurationList = C01FCF4E08A954540054247B /* Build configuration list for PBXProject "DropVox" */;
			compatibilityVersion = "Xcode 3.1";
			hasScannedForEncodings = 1;
			mainGroup = 29B97314FDCFA39411CA2CEA /* CustomTemplate */;
			projectDirPath = "";
			projectRoot = "";
			targets = (
				1D6058900D05DD3D006BFB54 /* DropVox */,
			);
		};
/* End PBXProject section */

/* Begin PBXResourcesBuildPhase section */
		1D60588D0D05DD3D006BFB54 /* Resources */ = {
			isa = PBXResourcesBuildPhase;
			buildActionMask = 2147483647;
			files = (
				28AD733F0D9D9553002E5188 /* MainWindow.xib in Resources */,
				DA67304212C82DD400643330 /* Speaker-icon.png in Resources */,
				DA67305C12C833C900643330 /* btn_pause_pressed.png in Resources */,
				DA67305D12C833C900643330 /* btn_pause.png in Resources */,
				DA67305E12C833C900643330 /* btn_play_pressed.png in Resources */,
				DA67305F12C833C900643330 /* btn_play.png in Resources */,
				DAF54EC412C8758900BD2060 /* btn_back_pressed.png in Resources */,
				DAF54EC512C8758900BD2060 /* btn_back.png in Resources */,
				DAF54EC612C8758900BD2060 /* btn_forward_pressed.png in Resources */,
				DAF54EC712C8758900BD2060 /* btn_forward.png in Resources */,
				DAF54EC812C8758900BD2060 /* icon_checkmark.png in Resources */,
				DAF54EC912C8758900BD2060 /* icon_nowplaying.png in Resources */,
				DAF54EF712C8780D00BD2060 /* background.png in Resources */,
				DAF54EF812C8780D00BD2060 /* background@2x.png in Resources */,
			);
			runOnlyForDeploymentPostprocessing = 0;
		};
/* End PBXResourcesBuildPhase section */

/* Begin PBXSourcesBuildPhase section */
		1D60588E0D05DD3D006BFB54 /* Sources */ = {
			isa = PBXSourcesBuildPhase;
			buildActionMask = 2147483647;
			files = (
				DA9EAC4F12C8A8640098EFE5 /* PlayerManager.m in Sources */,
				DA9EAC5012C8A8640098EFE5 /* PlayViewController.m in Sources */,
				DA9EAC5112C8A8640098EFE5 /* DropVoxAppDelegate.m in Sources */,
				DA9EAC5212C8A8640098EFE5 /* main.m in Sources */,
				DA9EAC5312C8A8640098EFE5 /* PlayView.m in Sources */,
				DA9EAC5412C8A8640098EFE5 /* UIPlayPauseButton.m in Sources */,
			);
			runOnlyForDeploymentPostprocessing = 0;
		};
/* End PBXSourcesBuildPhase section */

/* Begin XCBuildConfiguration section */
		1D6058940D05DD3E006BFB54 /* Debug */ = {
			isa = XCBuildConfiguration;
			buildSettings = {
				ALWAYS_SEARCH_USER_PATHS = NO;
				COPY_PHASE_STRIP = NO;
				GCC_DYNAMIC_NO_PIC = NO;
				GCC_OPTIMIZATION_LEVEL = 0;
				GCC_PRECOMPILE_PREFIX_HEADER = YES;
				GCC_PREFIX_HEADER = DropVox_Prefix.pch;
				INFOPLIST_FILE = "DropVox-Info.plist";
				PRODUCT_NAME = DropVox;
			};
			name = Debug;
		};
		1D6058950D05DD3E006BFB54 /* Release */ = {
			isa = XCBuildConfiguration;
			buildSettings = {
				ALWAYS_SEARCH_USER_PATHS = NO;
				COPY_PHASE_STRIP = YES;
				GCC_PRECOMPILE_PREFIX_HEADER = YES;
				GCC_PREFIX_HEADER = DropVox_Prefix.pch;
				INFOPLIST_FILE = "DropVox-Info.plist";
				PRODUCT_NAME = DropVox;
				VALIDATE_PRODUCT = YES;
			};
			name = Release;
		};
		C01FCF4F08A954540054247B /* Debug */ = {
			isa = XCBuildConfiguration;
			buildSettings = {
				ARCHS = "$(ARCHS_STANDARD_32_BIT)";
				"CODE_SIGN_IDENTITY[sdk=iphoneos*]" = "iPhone Developer";
				GCC_C_LANGUAGE_STANDARD = c99;
				GCC_WARN_ABOUT_RETURN_TYPE = YES;
				GCC_WARN_UNUSED_VARIABLE = YES;
				PREBINDING = NO;
				SDKROOT = iphoneos4.0;
			};
			name = Debug;
		};
		C01FCF5008A954540054247B /* Release */ = {
			isa = XCBuildConfiguration;
			buildSettings = {
				ARCHS = "$(ARCHS_STANDARD_32_BIT)";
				"CODE_SIGN_IDENTITY[sdk=iphoneos*]" = "iPhone Developer";
				GCC_C_LANGUAGE_STANDARD = c99;
				GCC_WARN_ABOUT_RETURN_TYPE = YES;
				GCC_WARN_UNUSED_VARIABLE = YES;
				OTHER_CFLAGS = "-DNS_BLOCK_ASSERTIONS=1";
				PREBINDING = NO;
				SDKROOT = iphoneos4.0;
			};
			name = Release;
		};
/* End XCBuildConfiguration section */

/* Begin XCConfigurationList section */
		1D6058960D05DD3E006BFB54 /* Build configuration list for PBXNativeTarget "DropVox" */ = {
			isa = XCConfigurationList;
			buildConfigurations = (
				1D6058940D05DD3E006BFB54 /* Debug */,
				1D6058950D05DD3E006BFB54 /* Release */,
			);
			defaultConfigurationIsVisible = 0;
			defaultConfigurationName = Release;
		};
		C01FCF4E08A954540054247B /* Build configuration list for PBXProject "DropVox" */ = {
			isa = XCConfigurationList;
			buildConfigurations = (
				C01FCF4F08A954540054247B /* Debug */,
				C01FCF5008A954540054247B /* Release */,
			);
			defaultConfigurationIsVisible = 0;
			defaultConfigurationName = Release;
		};
/* End XCConfigurationList section */
	};
	rootObject = 29B97313FDCFA39411CA2CEA /* Project object */;
}
