// !$*UTF8*$!
{
	archiveVersion = 1;
	classes = {
	};
	objectVersion = 45;
	objects = {

/* Begin PBXBuildFile section */
		1D60589F0D05DD5A006BFB54 /* Foundation.framework in Frameworks */ = {isa = PBXBuildFile; fileRef = 1D30AB110D05D00D00671497 /* Foundation.framework */; };
		1DF5F4E00D08C38300B7A737 /* UIKit.framework in Frameworks */ = {isa = PBXBuildFile; fileRef = 1DF5F4DF0D08C38300B7A737 /* UIKit.framework */; };
		288765A50DF7441C002DB57D /* CoreGraphics.framework in Frameworks */ = {isa = PBXBuildFile; fileRef = 288765A40DF7441C002DB57D /* CoreGraphics.framework */; };
		28AD733F0D9D9553002E5188 /* MainWindow.xib in Resources */ = {isa = PBXBuildFile; fileRef = 28AD733E0D9D9553002E5188 /* MainWindow.xib */; };
		DA54883412C955C90010A352 /* DropboxManager.m in Sources */ = {isa = PBXBuildFile; fileRef = DA54883312C955C90010A352 /* DropboxManager.m */; };
		DA54884212C957660010A352 /* DropboxLoginViewController.m in Sources */ = {isa = PBXBuildFile; fileRef = DA54884112C957660010A352 /* DropboxLoginViewController.m */; };
		DA5489E612C9EECE0010A352 /* UITableViewTextFieldCell.m in Sources */ = {isa = PBXBuildFile; fileRef = DA5489E512C9EECE0010A352 /* UITableViewTextFieldCell.m */; };
		DA548B3012CA03DC0010A352 /* DBAccountInfo.m in Sources */ = {isa = PBXBuildFile; fileRef = DA548ADB12CA03DB0010A352 /* DBAccountInfo.m */; };
		DA548B3112CA03DC0010A352 /* DBCreateAccountController.m in Sources */ = {isa = PBXBuildFile; fileRef = DA548ADD12CA03DB0010A352 /* DBCreateAccountController.m */; };
		DA548B3212CA03DC0010A352 /* DBError.m in Sources */ = {isa = PBXBuildFile; fileRef = DA548ADF12CA03DB0010A352 /* DBError.m */; };
		DA548B3312CA03DC0010A352 /* DBLoadingView.m in Sources */ = {isa = PBXBuildFile; fileRef = DA548AE112CA03DB0010A352 /* DBLoadingView.m */; };
		DA548B3412CA03DC0010A352 /* DBLoginController.m in Sources */ = {isa = PBXBuildFile; fileRef = DA548AE312CA03DB0010A352 /* DBLoginController.m */; };
		DA548B3512CA03DC0010A352 /* DBMetadata.m in Sources */ = {isa = PBXBuildFile; fileRef = DA548AE512CA03DB0010A352 /* DBMetadata.m */; };
		DA548B3612CA03DC0010A352 /* DBQuota.m in Sources */ = {isa = PBXBuildFile; fileRef = DA548AE712CA03DB0010A352 /* DBQuota.m */; };
		DA548B3712CA03DC0010A352 /* DBRequest.m in Sources */ = {isa = PBXBuildFile; fileRef = DA548AE912CA03DB0010A352 /* DBRequest.m */; };
		DA548B3812CA03DC0010A352 /* DBRestClient.m in Sources */ = {isa = PBXBuildFile; fileRef = DA548AEB12CA03DB0010A352 /* DBRestClient.m */; };
		DA548B3912CA03DC0010A352 /* DBSession.m in Sources */ = {isa = PBXBuildFile; fileRef = DA548AED12CA03DB0010A352 /* DBSession.m */; };
		DA548B3A12CA03DC0010A352 /* NSObject+SBJSON.m in Sources */ = {isa = PBXBuildFile; fileRef = DA548AF212CA03DC0010A352 /* NSObject+SBJSON.m */; };
		DA548B3B12CA03DC0010A352 /* NSString+SBJSON.m in Sources */ = {isa = PBXBuildFile; fileRef = DA548AF412CA03DC0010A352 /* NSString+SBJSON.m */; };
		DA548B3C12CA03DC0010A352 /* SBJSON.m in Sources */ = {isa = PBXBuildFile; fileRef = DA548AF612CA03DC0010A352 /* SBJSON.m */; };
		DA548B3D12CA03DC0010A352 /* SBJsonBase.m in Sources */ = {isa = PBXBuildFile; fileRef = DA548AF812CA03DC0010A352 /* SBJsonBase.m */; };
		DA548B3E12CA03DC0010A352 /* SBJsonParser.m in Sources */ = {isa = PBXBuildFile; fileRef = DA548AFA12CA03DC0010A352 /* SBJsonParser.m */; };
		DA548B3F12CA03DC0010A352 /* SBJsonWriter.m in Sources */ = {isa = PBXBuildFile; fileRef = DA548AFC12CA03DC0010A352 /* SBJsonWriter.m */; };
		DA548B4012CA03DC0010A352 /* Base64Transcoder.c in Sources */ = {isa = PBXBuildFile; fileRef = DA548AFF12CA03DC0010A352 /* Base64Transcoder.c */; };
		DA548B4112CA03DC0010A352 /* MPOAuthAPI.m in Sources */ = {isa = PBXBuildFile; fileRef = DA548B0412CA03DC0010A352 /* MPOAuthAPI.m */; };
		DA548B4212CA03DC0010A352 /* MPOAuthAPIRequestLoader.m in Sources */ = {isa = PBXBuildFile; fileRef = DA548B0612CA03DC0010A352 /* MPOAuthAPIRequestLoader.m */; };
		DA548B4312CA03DC0010A352 /* MPOAuthAuthenticationMethod.m in Sources */ = {isa = PBXBuildFile; fileRef = DA548B0812CA03DC0010A352 /* MPOAuthAuthenticationMethod.m */; };
		DA548B4412CA03DC0010A352 /* MPOAuthAuthenticationMethodOAuth.m in Sources */ = {isa = PBXBuildFile; fileRef = DA548B0A12CA03DC0010A352 /* MPOAuthAuthenticationMethodOAuth.m */; };
		DA548B4512CA03DC0010A352 /* MPOAuthConnection.m in Sources */ = {isa = PBXBuildFile; fileRef = DA548B0C12CA03DC0010A352 /* MPOAuthConnection.m */; };
		DA548B4612CA03DC0010A352 /* MPOAuthCredentiaIConcreteStore+KeychainAdditionsMac.m in Sources */ = {isa = PBXBuildFile; fileRef = DA548B0D12CA03DC0010A352 /* MPOAuthCredentiaIConcreteStore+KeychainAdditionsMac.m */; };
		DA548B4712CA03DC0010A352 /* MPOAuthCredentialConcreteStore+KeychainAdditionsiPhone.m in Sources */ = {isa = PBXBuildFile; fileRef = DA548B0F12CA03DC0010A352 /* MPOAuthCredentialConcreteStore+KeychainAdditionsiPhone.m */; };
		DA548B4812CA03DC0010A352 /* MPOAuthCredentialConcreteStore.m in Sources */ = {isa = PBXBuildFile; fileRef = DA548B1112CA03DC0010A352 /* MPOAuthCredentialConcreteStore.m */; };
		DA548B4912CA03DC0010A352 /* MPOAuthSignatureParameter.m in Sources */ = {isa = PBXBuildFile; fileRef = DA548B1512CA03DC0010A352 /* MPOAuthSignatureParameter.m */; };
		DA548B4A12CA03DC0010A352 /* MPOAuthURLRequest.m in Sources */ = {isa = PBXBuildFile; fileRef = DA548B1712CA03DC0010A352 /* MPOAuthURLRequest.m */; };
		DA548B4B12CA03DC0010A352 /* MPOAuthURLResponse.m in Sources */ = {isa = PBXBuildFile; fileRef = DA548B1912CA03DC0010A352 /* MPOAuthURLResponse.m */; };
		DA548B4C12CA03DC0010A352 /* MPURLRequestParameter.m in Sources */ = {isa = PBXBuildFile; fileRef = DA548B1B12CA03DC0010A352 /* MPURLRequestParameter.m */; };
		DA548B4D12CA03DC0010A352 /* NSString+URLEscapingAdditions.m in Sources */ = {isa = PBXBuildFile; fileRef = DA548B1D12CA03DC0010A352 /* NSString+URLEscapingAdditions.m */; };
		DA548B4E12CA03DC0010A352 /* NSURL+MPURLParameterAdditions.m in Sources */ = {isa = PBXBuildFile; fileRef = DA548B1F12CA03DC0010A352 /* NSURL+MPURLParameterAdditions.m */; };
		DA548B4F12CA03DC0010A352 /* NSURLResponse+Encoding.m in Sources */ = {isa = PBXBuildFile; fileRef = DA548B2112CA03DC0010A352 /* NSURLResponse+Encoding.m */; };
		DA548B5012CA03DC0010A352 /* NSString+Dropbox.m in Sources */ = {isa = PBXBuildFile; fileRef = DA548B2312CA03DC0010A352 /* NSString+Dropbox.m */; };
		DA548B5112CA03DC0010A352 /* db_background.png in Resources */ = {isa = PBXBuildFile; fileRef = DA548B2512CA03DC0010A352 /* db_background.png */; };
		DA548B5212CA03DC0010A352 /* db_create_account.png in Resources */ = {isa = PBXBuildFile; fileRef = DA548B2612CA03DC0010A352 /* db_create_account.png */; };
		DA548B5312CA03DC0010A352 /* db_create_account@2x.png in Resources */ = {isa = PBXBuildFile; fileRef = DA548B2712CA03DC0010A352 /* db_create_account@2x.png */; };
		DA548B5412CA03DC0010A352 /* db_create_account_button.png in Resources */ = {isa = PBXBuildFile; fileRef = DA548B2812CA03DC0010A352 /* db_create_account_button.png */; };
		DA548B5512CA03DC0010A352 /* db_create_account_button_down.png in Resources */ = {isa = PBXBuildFile; fileRef = DA548B2912CA03DC0010A352 /* db_create_account_button_down.png */; };
		DA548B5612CA03DC0010A352 /* db_link_button.png in Resources */ = {isa = PBXBuildFile; fileRef = DA548B2A12CA03DC0010A352 /* db_link_button.png */; };
		DA548B5712CA03DC0010A352 /* db_link_button_down.png in Resources */ = {isa = PBXBuildFile; fileRef = DA548B2B12CA03DC0010A352 /* db_link_button_down.png */; };
		DA548B5812CA03DC0010A352 /* db_link_header.png in Resources */ = {isa = PBXBuildFile; fileRef = DA548B2C12CA03DC0010A352 /* db_link_header.png */; };
		DA548B5912CA03DC0010A352 /* db_link_header@2x.png in Resources */ = {isa = PBXBuildFile; fileRef = DA548B2D12CA03DC0010A352 /* db_link_header@2x.png */; };
		DA548B5A12CA03DC0010A352 /* db_logo.png in Resources */ = {isa = PBXBuildFile; fileRef = DA548B2E12CA03DC0010A352 /* db_logo.png */; };
		DA548B5B12CA03DC0010A352 /* db_logo@2x.png in Resources */ = {isa = PBXBuildFile; fileRef = DA548B2F12CA03DC0010A352 /* db_logo@2x.png */; };
		DA548B5D12CA03E80010A352 /* Security.framework in Frameworks */ = {isa = PBXBuildFile; fileRef = DA548B5C12CA03E80010A352 /* Security.framework */; };
		DA67304212C82DD400643330 /* Speaker-icon.png in Resources */ = {isa = PBXBuildFile; fileRef = DA67304112C82DD400643330 /* Speaker-icon.png */; };
		DA67305C12C833C900643330 /* btn_pause_pressed.png in Resources */ = {isa = PBXBuildFile; fileRef = DA67305812C833C900643330 /* btn_pause_pressed.png */; };
		DA67305D12C833C900643330 /* btn_pause.png in Resources */ = {isa = PBXBuildFile; fileRef = DA67305912C833C900643330 /* btn_pause.png */; };
		DA67305E12C833C900643330 /* btn_play_pressed.png in Resources */ = {isa = PBXBuildFile; fileRef = DA67305A12C833C900643330 /* btn_play_pressed.png */; };
		DA67305F12C833C900643330 /* btn_play.png in Resources */ = {isa = PBXBuildFile; fileRef = DA67305B12C833C900643330 /* btn_play.png */; };
		DA9EAC4F12C8A8640098EFE5 /* PlayerManager.m in Sources */ = {isa = PBXBuildFile; fileRef = DA9EAC4212C8A8640098EFE5 /* PlayerManager.m */; };
		DA9EAC5012C8A8640098EFE5 /* PlayViewController.m in Sources */ = {isa = PBXBuildFile; fileRef = DA9EAC4412C8A8640098EFE5 /* PlayViewController.m */; };
		DA9EAC5112C8A8640098EFE5 /* DropVoxAppDelegate.m in Sources */ = {isa = PBXBuildFile; fileRef = DA9EAC4612C8A8640098EFE5 /* DropVoxAppDelegate.m */; };
		DA9EAC5212C8A8640098EFE5 /* main.m in Sources */ = {isa = PBXBuildFile; fileRef = DA9EAC4712C8A8640098EFE5 /* main.m */; };
		DA9EAC5312C8A8640098EFE5 /* PlayView.m in Sources */ = {isa = PBXBuildFile; fileRef = DA9EAC4C12C8A8640098EFE5 /* PlayView.m */; };
		DA9EAC5412C8A8640098EFE5 /* UIPlayPauseButton.m in Sources */ = {isa = PBXBuildFile; fileRef = DA9EAC4E12C8A8640098EFE5 /* UIPlayPauseButton.m */; };
		DAF54EC412C8758900BD2060 /* btn_back_pressed.png in Resources */ = {isa = PBXBuildFile; fileRef = DAF54EBD12C8758900BD2060 /* btn_back_pressed.png */; };
		DAF54EC512C8758900BD2060 /* btn_back.png in Resources */ = {isa = PBXBuildFile; fileRef = DAF54EBE12C8758900BD2060 /* btn_back.png */; };
		DAF54EC612C8758900BD2060 /* btn_forward_pressed.png in Resources */ = {isa = PBXBuildFile; fileRef = DAF54EBF12C8758900BD2060 /* btn_forward_pressed.png */; };
		DAF54EC712C8758900BD2060 /* btn_forward.png in Resources */ = {isa = PBXBuildFile; fileRef = DAF54EC012C8758900BD2060 /* btn_forward.png */; };
		DAF54EC812C8758900BD2060 /* icon_checkmark.png in Resources */ = {isa = PBXBuildFile; fileRef = DAF54EC112C8758900BD2060 /* icon_checkmark.png */; };
		DAF54EC912C8758900BD2060 /* icon_nowplaying.png in Resources */ = {isa = PBXBuildFile; fileRef = DAF54EC212C8758900BD2060 /* icon_nowplaying.png */; };
		DAF54EF712C8780D00BD2060 /* background.png in Resources */ = {isa = PBXBuildFile; fileRef = DAF54EF512C8780D00BD2060 /* background.png */; };
		DAF54EF812C8780D00BD2060 /* background@2x.png in Resources */ = {isa = PBXBuildFile; fileRef = DAF54EF612C8780D00BD2060 /* background@2x.png */; };
		DAF54F6512C886AA00BD2060 /* AudioToolbox.framework in Frameworks */ = {isa = PBXBuildFile; fileRef = DAF54F6412C886AA00BD2060 /* AudioToolbox.framework */; };
/* End PBXBuildFile section */

/* Begin PBXFileReference section */
		1D30AB110D05D00D00671497 /* Foundation.framework */ = {isa = PBXFileReference; lastKnownFileType = wrapper.framework; name = Foundation.framework; path = System/Library/Frameworks/Foundation.framework; sourceTree = SDKROOT; };
		1D6058910D05DD3D006BFB54 /* DropVox.app */ = {isa = PBXFileReference; explicitFileType = wrapper.application; includeInIndex = 0; path = DropVox.app; sourceTree = BUILT_PRODUCTS_DIR; };
		1DF5F4DF0D08C38300B7A737 /* UIKit.framework */ = {isa = PBXFileReference; lastKnownFileType = wrapper.framework; name = UIKit.framework; path = System/Library/Frameworks/UIKit.framework; sourceTree = SDKROOT; };
		288765A40DF7441C002DB57D /* CoreGraphics.framework */ = {isa = PBXFileReference; lastKnownFileType = wrapper.framework; name = CoreGraphics.framework; path = System/Library/Frameworks/CoreGraphics.framework; sourceTree = SDKROOT; };
		28AD733E0D9D9553002E5188 /* MainWindow.xib */ = {isa = PBXFileReference; lastKnownFileType = file.xib; path = MainWindow.xib; sourceTree = "<group>"; };
		32CA4F630368D1EE00C91783 /* DropVox_Prefix.pch */ = {isa = PBXFileReference; fileEncoding = 4; lastKnownFileType = sourcecode.c.h; path = DropVox_Prefix.pch; sourceTree = "<group>"; };
		8D1107310486CEB800E47090 /* DropVox-Info.plist */ = {isa = PBXFileReference; fileEncoding = 4; lastKnownFileType = text.plist.xml; path = "DropVox-Info.plist"; plistStructureDefinitionIdentifier = "com.apple.xcode.plist.structure-definition.iphone.info-plist"; sourceTree = "<group>"; };
		DA54877912C934F20010A352 /* GlobalTypes.h */ = {isa = PBXFileReference; fileEncoding = 4; lastKnownFileType = sourcecode.c.h; path = GlobalTypes.h; sourceTree = "<group>"; };
		DA54883212C955C90010A352 /* DropboxManager.h */ = {isa = PBXFileReference; fileEncoding = 4; lastKnownFileType = sourcecode.c.h; path = DropboxManager.h; sourceTree = "<group>"; };
		DA54883312C955C90010A352 /* DropboxManager.m */ = {isa = PBXFileReference; fileEncoding = 4; lastKnownFileType = sourcecode.c.objc; path = DropboxManager.m; sourceTree = "<group>"; };
		DA54884012C957660010A352 /* DropboxLoginViewController.h */ = {isa = PBXFileReference; fileEncoding = 4; lastKnownFileType = sourcecode.c.h; path = DropboxLoginViewController.h; sourceTree = "<group>"; };
		DA54884112C957660010A352 /* DropboxLoginViewController.m */ = {isa = PBXFileReference; fileEncoding = 4; lastKnownFileType = sourcecode.c.objc; path = DropboxLoginViewController.m; sourceTree = "<group>"; };
		DA5489E412C9EECE0010A352 /* UITableViewTextFieldCell.h */ = {isa = PBXFileReference; fileEncoding = 4; lastKnownFileType = sourcecode.c.h; path = UITableViewTextFieldCell.h; sourceTree = "<group>"; };
		DA5489E512C9EECE0010A352 /* UITableViewTextFieldCell.m */ = {isa = PBXFileReference; fileEncoding = 4; lastKnownFileType = sourcecode.c.objc; path = UITableViewTextFieldCell.m; sourceTree = "<group>"; };
		DA548ADA12CA03DB0010A352 /* DBAccountInfo.h */ = {isa = PBXFileReference; fileEncoding = 4; lastKnownFileType = sourcecode.c.h; path = DBAccountInfo.h; sourceTree = "<group>"; };
		DA548ADB12CA03DB0010A352 /* DBAccountInfo.m */ = {isa = PBXFileReference; fileEncoding = 4; lastKnownFileType = sourcecode.c.objc; path = DBAccountInfo.m; sourceTree = "<group>"; };
		DA548ADC12CA03DB0010A352 /* DBCreateAccountController.h */ = {isa = PBXFileReference; fileEncoding = 4; lastKnownFileType = sourcecode.c.h; path = DBCreateAccountController.h; sourceTree = "<group>"; };
		DA548ADD12CA03DB0010A352 /* DBCreateAccountController.m */ = {isa = PBXFileReference; fileEncoding = 4; lastKnownFileType = sourcecode.c.objc; path = DBCreateAccountController.m; sourceTree = "<group>"; };
		DA548ADE12CA03DB0010A352 /* DBError.h */ = {isa = PBXFileReference; fileEncoding = 4; lastKnownFileType = sourcecode.c.h; path = DBError.h; sourceTree = "<group>"; };
		DA548ADF12CA03DB0010A352 /* DBError.m */ = {isa = PBXFileReference; fileEncoding = 4; lastKnownFileType = sourcecode.c.objc; path = DBError.m; sourceTree = "<group>"; };
		DA548AE012CA03DB0010A352 /* DBLoadingView.h */ = {isa = PBXFileReference; fileEncoding = 4; lastKnownFileType = sourcecode.c.h; path = DBLoadingView.h; sourceTree = "<group>"; };
		DA548AE112CA03DB0010A352 /* DBLoadingView.m */ = {isa = PBXFileReference; fileEncoding = 4; lastKnownFileType = sourcecode.c.objc; path = DBLoadingView.m; sourceTree = "<group>"; };
		DA548AE212CA03DB0010A352 /* DBLoginController.h */ = {isa = PBXFileReference; fileEncoding = 4; lastKnownFileType = sourcecode.c.h; path = DBLoginController.h; sourceTree = "<group>"; };
		DA548AE312CA03DB0010A352 /* DBLoginController.m */ = {isa = PBXFileReference; fileEncoding = 4; lastKnownFileType = sourcecode.c.objc; path = DBLoginController.m; sourceTree = "<group>"; };
		DA548AE412CA03DB0010A352 /* DBMetadata.h */ = {isa = PBXFileReference; fileEncoding = 4; lastKnownFileType = sourcecode.c.h; path = DBMetadata.h; sourceTree = "<group>"; };
		DA548AE512CA03DB0010A352 /* DBMetadata.m */ = {isa = PBXFileReference; fileEncoding = 4; lastKnownFileType = sourcecode.c.objc; path = DBMetadata.m; sourceTree = "<group>"; };
		DA548AE612CA03DB0010A352 /* DBQuota.h */ = {isa = PBXFileReference; fileEncoding = 4; lastKnownFileType = sourcecode.c.h; path = DBQuota.h; sourceTree = "<group>"; };
		DA548AE712CA03DB0010A352 /* DBQuota.m */ = {isa = PBXFileReference; fileEncoding = 4; lastKnownFileType = sourcecode.c.objc; path = DBQuota.m; sourceTree = "<group>"; };
		DA548AE812CA03DB0010A352 /* DBRequest.h */ = {isa = PBXFileReference; fileEncoding = 4; lastKnownFileType = sourcecode.c.h; path = DBRequest.h; sourceTree = "<group>"; };
		DA548AE912CA03DB0010A352 /* DBRequest.m */ = {isa = PBXFileReference; fileEncoding = 4; lastKnownFileType = sourcecode.c.objc; path = DBRequest.m; sourceTree = "<group>"; };
		DA548AEA12CA03DB0010A352 /* DBRestClient.h */ = {isa = PBXFileReference; fileEncoding = 4; lastKnownFileType = sourcecode.c.h; path = DBRestClient.h; sourceTree = "<group>"; };
		DA548AEB12CA03DB0010A352 /* DBRestClient.m */ = {isa = PBXFileReference; fileEncoding = 4; lastKnownFileType = sourcecode.c.objc; path = DBRestClient.m; sourceTree = "<group>"; };
		DA548AEC12CA03DB0010A352 /* DBSession.h */ = {isa = PBXFileReference; fileEncoding = 4; lastKnownFileType = sourcecode.c.h; path = DBSession.h; sourceTree = "<group>"; };
		DA548AED12CA03DB0010A352 /* DBSession.m */ = {isa = PBXFileReference; fileEncoding = 4; lastKnownFileType = sourcecode.c.objc; path = DBSession.m; sourceTree = "<group>"; };
		DA548AEE12CA03DB0010A352 /* DropboxSDK.h */ = {isa = PBXFileReference; fileEncoding = 4; lastKnownFileType = sourcecode.c.h; path = DropboxSDK.h; sourceTree = "<group>"; };
		DA548AF012CA03DC0010A352 /* JSON.h */ = {isa = PBXFileReference; fileEncoding = 4; lastKnownFileType = sourcecode.c.h; path = JSON.h; sourceTree = "<group>"; };
		DA548AF112CA03DC0010A352 /* NSObject+SBJSON.h */ = {isa = PBXFileReference; fileEncoding = 4; lastKnownFileType = sourcecode.c.h; path = "NSObject+SBJSON.h"; sourceTree = "<group>"; };
		DA548AF212CA03DC0010A352 /* NSObject+SBJSON.m */ = {isa = PBXFileReference; fileEncoding = 4; lastKnownFileType = sourcecode.c.objc; path = "NSObject+SBJSON.m"; sourceTree = "<group>"; };
		DA548AF312CA03DC0010A352 /* NSString+SBJSON.h */ = {isa = PBXFileReference; fileEncoding = 4; lastKnownFileType = sourcecode.c.h; path = "NSString+SBJSON.h"; sourceTree = "<group>"; };
		DA548AF412CA03DC0010A352 /* NSString+SBJSON.m */ = {isa = PBXFileReference; fileEncoding = 4; lastKnownFileType = sourcecode.c.objc; path = "NSString+SBJSON.m"; sourceTree = "<group>"; };
		DA548AF512CA03DC0010A352 /* SBJSON.h */ = {isa = PBXFileReference; fileEncoding = 4; lastKnownFileType = sourcecode.c.h; path = SBJSON.h; sourceTree = "<group>"; };
		DA548AF612CA03DC0010A352 /* SBJSON.m */ = {isa = PBXFileReference; fileEncoding = 4; lastKnownFileType = sourcecode.c.objc; path = SBJSON.m; sourceTree = "<group>"; };
		DA548AF712CA03DC0010A352 /* SBJsonBase.h */ = {isa = PBXFileReference; fileEncoding = 4; lastKnownFileType = sourcecode.c.h; path = SBJsonBase.h; sourceTree = "<group>"; };
		DA548AF812CA03DC0010A352 /* SBJsonBase.m */ = {isa = PBXFileReference; fileEncoding = 4; lastKnownFileType = sourcecode.c.objc; path = SBJsonBase.m; sourceTree = "<group>"; };
		DA548AF912CA03DC0010A352 /* SBJsonParser.h */ = {isa = PBXFileReference; fileEncoding = 4; lastKnownFileType = sourcecode.c.h; path = SBJsonParser.h; sourceTree = "<group>"; };
		DA548AFA12CA03DC0010A352 /* SBJsonParser.m */ = {isa = PBXFileReference; fileEncoding = 4; lastKnownFileType = sourcecode.c.objc; path = SBJsonParser.m; sourceTree = "<group>"; };
		DA548AFB12CA03DC0010A352 /* SBJsonWriter.h */ = {isa = PBXFileReference; fileEncoding = 4; lastKnownFileType = sourcecode.c.h; path = SBJsonWriter.h; sourceTree = "<group>"; };
		DA548AFC12CA03DC0010A352 /* SBJsonWriter.m */ = {isa = PBXFileReference; fileEncoding = 4; lastKnownFileType = sourcecode.c.objc; path = SBJsonWriter.m; sourceTree = "<group>"; };
		DA548AFF12CA03DC0010A352 /* Base64Transcoder.c */ = {isa = PBXFileReference; fileEncoding = 4; lastKnownFileType = sourcecode.c.c; path = Base64Transcoder.c; sourceTree = "<group>"; };
		DA548B0012CA03DC0010A352 /* Base64Transcoder.h */ = {isa = PBXFileReference; fileEncoding = 4; lastKnownFileType = sourcecode.c.h; path = Base64Transcoder.h; sourceTree = "<group>"; };
		DA548B0112CA03DC0010A352 /* MPDebug.h */ = {isa = PBXFileReference; fileEncoding = 4; lastKnownFileType = sourcecode.c.h; path = MPDebug.h; sourceTree = "<group>"; };
		DA548B0212CA03DC0010A352 /* MPOAuth.h */ = {isa = PBXFileReference; fileEncoding = 4; lastKnownFileType = sourcecode.c.h; path = MPOAuth.h; sourceTree = "<group>"; };
		DA548B0312CA03DC0010A352 /* MPOAuthAPI.h */ = {isa = PBXFileReference; fileEncoding = 4; lastKnownFileType = sourcecode.c.h; path = MPOAuthAPI.h; sourceTree = "<group>"; };
		DA548B0412CA03DC0010A352 /* MPOAuthAPI.m */ = {isa = PBXFileReference; fileEncoding = 4; lastKnownFileType = sourcecode.c.objc; path = MPOAuthAPI.m; sourceTree = "<group>"; };
		DA548B0512CA03DC0010A352 /* MPOAuthAPIRequestLoader.h */ = {isa = PBXFileReference; fileEncoding = 4; lastKnownFileType = sourcecode.c.h; path = MPOAuthAPIRequestLoader.h; sourceTree = "<group>"; };
		DA548B0612CA03DC0010A352 /* MPOAuthAPIRequestLoader.m */ = {isa = PBXFileReference; fileEncoding = 4; lastKnownFileType = sourcecode.c.objc; path = MPOAuthAPIRequestLoader.m; sourceTree = "<group>"; };
		DA548B0712CA03DC0010A352 /* MPOAuthAuthenticationMethod.h */ = {isa = PBXFileReference; fileEncoding = 4; lastKnownFileType = sourcecode.c.h; path = MPOAuthAuthenticationMethod.h; sourceTree = "<group>"; };
		DA548B0812CA03DC0010A352 /* MPOAuthAuthenticationMethod.m */ = {isa = PBXFileReference; fileEncoding = 4; lastKnownFileType = sourcecode.c.objc; path = MPOAuthAuthenticationMethod.m; sourceTree = "<group>"; };
		DA548B0912CA03DC0010A352 /* MPOAuthAuthenticationMethodOAuth.h */ = {isa = PBXFileReference; fileEncoding = 4; lastKnownFileType = sourcecode.c.h; path = MPOAuthAuthenticationMethodOAuth.h; sourceTree = "<group>"; };
		DA548B0A12CA03DC0010A352 /* MPOAuthAuthenticationMethodOAuth.m */ = {isa = PBXFileReference; fileEncoding = 4; lastKnownFileType = sourcecode.c.objc; path = MPOAuthAuthenticationMethodOAuth.m; sourceTree = "<group>"; };
		DA548B0B12CA03DC0010A352 /* MPOAuthConnection.h */ = {isa = PBXFileReference; fileEncoding = 4; lastKnownFileType = sourcecode.c.h; path = MPOAuthConnection.h; sourceTree = "<group>"; };
		DA548B0C12CA03DC0010A352 /* MPOAuthConnection.m */ = {isa = PBXFileReference; fileEncoding = 4; lastKnownFileType = sourcecode.c.objc; path = MPOAuthConnection.m; sourceTree = "<group>"; };
		DA548B0D12CA03DC0010A352 /* MPOAuthCredentiaIConcreteStore+KeychainAdditionsMac.m */ = {isa = PBXFileReference; fileEncoding = 4; lastKnownFileType = sourcecode.c.objc; path = "MPOAuthCredentiaIConcreteStore+KeychainAdditionsMac.m"; sourceTree = "<group>"; };
		DA548B0E12CA03DC0010A352 /* MPOAuthCredentialConcreteStore+KeychainAdditions.h */ = {isa = PBXFileReference; fileEncoding = 4; lastKnownFileType = sourcecode.c.h; path = "MPOAuthCredentialConcreteStore+KeychainAdditions.h"; sourceTree = "<group>"; };
		DA548B0F12CA03DC0010A352 /* MPOAuthCredentialConcreteStore+KeychainAdditionsiPhone.m */ = {isa = PBXFileReference; fileEncoding = 4; lastKnownFileType = sourcecode.c.objc; path = "MPOAuthCredentialConcreteStore+KeychainAdditionsiPhone.m"; sourceTree = "<group>"; };
		DA548B1012CA03DC0010A352 /* MPOAuthCredentialConcreteStore.h */ = {isa = PBXFileReference; fileEncoding = 4; lastKnownFileType = sourcecode.c.h; path = MPOAuthCredentialConcreteStore.h; sourceTree = "<group>"; };
		DA548B1112CA03DC0010A352 /* MPOAuthCredentialConcreteStore.m */ = {isa = PBXFileReference; fileEncoding = 4; lastKnownFileType = sourcecode.c.objc; path = MPOAuthCredentialConcreteStore.m; sourceTree = "<group>"; };
		DA548B1212CA03DC0010A352 /* MPOAuthCredentialStore.h */ = {isa = PBXFileReference; fileEncoding = 4; lastKnownFileType = sourcecode.c.h; path = MPOAuthCredentialStore.h; sourceTree = "<group>"; };
		DA548B1312CA03DC0010A352 /* MPOAuthParameterFactory.h */ = {isa = PBXFileReference; fileEncoding = 4; lastKnownFileType = sourcecode.c.h; path = MPOAuthParameterFactory.h; sourceTree = "<group>"; };
		DA548B1412CA03DC0010A352 /* MPOAuthSignatureParameter.h */ = {isa = PBXFileReference; fileEncoding = 4; lastKnownFileType = sourcecode.c.h; path = MPOAuthSignatureParameter.h; sourceTree = "<group>"; };
		DA548B1512CA03DC0010A352 /* MPOAuthSignatureParameter.m */ = {isa = PBXFileReference; fileEncoding = 4; lastKnownFileType = sourcecode.c.objc; path = MPOAuthSignatureParameter.m; sourceTree = "<group>"; };
		DA548B1612CA03DC0010A352 /* MPOAuthURLRequest.h */ = {isa = PBXFileReference; fileEncoding = 4; lastKnownFileType = sourcecode.c.h; path = MPOAuthURLRequest.h; sourceTree = "<group>"; };
		DA548B1712CA03DC0010A352 /* MPOAuthURLRequest.m */ = {isa = PBXFileReference; fileEncoding = 4; lastKnownFileType = sourcecode.c.objc; path = MPOAuthURLRequest.m; sourceTree = "<group>"; };
		DA548B1812CA03DC0010A352 /* MPOAuthURLResponse.h */ = {isa = PBXFileReference; fileEncoding = 4; lastKnownFileType = sourcecode.c.h; path = MPOAuthURLResponse.h; sourceTree = "<group>"; };
		DA548B1912CA03DC0010A352 /* MPOAuthURLResponse.m */ = {isa = PBXFileReference; fileEncoding = 4; lastKnownFileType = sourcecode.c.objc; path = MPOAuthURLResponse.m; sourceTree = "<group>"; };
		DA548B1A12CA03DC0010A352 /* MPURLRequestParameter.h */ = {isa = PBXFileReference; fileEncoding = 4; lastKnownFileType = sourcecode.c.h; path = MPURLRequestParameter.h; sourceTree = "<group>"; };
		DA548B1B12CA03DC0010A352 /* MPURLRequestParameter.m */ = {isa = PBXFileReference; fileEncoding = 4; lastKnownFileType = sourcecode.c.objc; path = MPURLRequestParameter.m; sourceTree = "<group>"; };
		DA548B1C12CA03DC0010A352 /* NSString+URLEscapingAdditions.h */ = {isa = PBXFileReference; fileEncoding = 4; lastKnownFileType = sourcecode.c.h; path = "NSString+URLEscapingAdditions.h"; sourceTree = "<group>"; };
		DA548B1D12CA03DC0010A352 /* NSString+URLEscapingAdditions.m */ = {isa = PBXFileReference; fileEncoding = 4; lastKnownFileType = sourcecode.c.objc; path = "NSString+URLEscapingAdditions.m"; sourceTree = "<group>"; };
		DA548B1E12CA03DC0010A352 /* NSURL+MPURLParameterAdditions.h */ = {isa = PBXFileReference; fileEncoding = 4; lastKnownFileType = sourcecode.c.h; path = "NSURL+MPURLParameterAdditions.h"; sourceTree = "<group>"; };
		DA548B1F12CA03DC0010A352 /* NSURL+MPURLParameterAdditions.m */ = {isa = PBXFileReference; fileEncoding = 4; lastKnownFileType = sourcecode.c.objc; path = "NSURL+MPURLParameterAdditions.m"; sourceTree = "<group>"; };
		DA548B2012CA03DC0010A352 /* NSURLResponse+Encoding.h */ = {isa = PBXFileReference; fileEncoding = 4; lastKnownFileType = sourcecode.c.h; path = "NSURLResponse+Encoding.h"; sourceTree = "<group>"; };
		DA548B2112CA03DC0010A352 /* NSURLResponse+Encoding.m */ = {isa = PBXFileReference; fileEncoding = 4; lastKnownFileType = sourcecode.c.objc; path = "NSURLResponse+Encoding.m"; sourceTree = "<group>"; };
		DA548B2212CA03DC0010A352 /* NSString+Dropbox.h */ = {isa = PBXFileReference; fileEncoding = 4; lastKnownFileType = sourcecode.c.h; path = "NSString+Dropbox.h"; sourceTree = "<group>"; };
		DA548B2312CA03DC0010A352 /* NSString+Dropbox.m */ = {isa = PBXFileReference; fileEncoding = 4; lastKnownFileType = sourcecode.c.objc; path = "NSString+Dropbox.m"; sourceTree = "<group>"; };
		DA548B2512CA03DC0010A352 /* db_background.png */ = {isa = PBXFileReference; lastKnownFileType = image.png; path = db_background.png; sourceTree = "<group>"; };
		DA548B2612CA03DC0010A352 /* db_create_account.png */ = {isa = PBXFileReference; lastKnownFileType = image.png; path = db_create_account.png; sourceTree = "<group>"; };
		DA548B2712CA03DC0010A352 /* db_create_account@2x.png */ = {isa = PBXFileReference; lastKnownFileType = image.png; path = "db_create_account@2x.png"; sourceTree = "<group>"; };
		DA548B2812CA03DC0010A352 /* db_create_account_button.png */ = {isa = PBXFileReference; lastKnownFileType = image.png; path = db_create_account_button.png; sourceTree = "<group>"; };
		DA548B2912CA03DC0010A352 /* db_create_account_button_down.png */ = {isa = PBXFileReference; lastKnownFileType = image.png; path = db_create_account_button_down.png; sourceTree = "<group>"; };
		DA548B2A12CA03DC0010A352 /* db_link_button.png */ = {isa = PBXFileReference; lastKnownFileType = image.png; path = db_link_button.png; sourceTree = "<group>"; };
		DA548B2B12CA03DC0010A352 /* db_link_button_down.png */ = {isa = PBXFileReference; lastKnownFileType = image.png; path = db_link_button_down.png; sourceTree = "<group>"; };
		DA548B2C12CA03DC0010A352 /* db_link_header.png */ = {isa = PBXFileReference; lastKnownFileType = image.png; path = db_link_header.png; sourceTree = "<group>"; };
		DA548B2D12CA03DC0010A352 /* db_link_header@2x.png */ = {isa = PBXFileReference; lastKnownFileType = image.png; path = "db_link_header@2x.png"; sourceTree = "<group>"; };
		DA548B2E12CA03DC0010A352 /* db_logo.png */ = {isa = PBXFileReference; lastKnownFileType = image.png; path = db_logo.png; sourceTree = "<group>"; };
		DA548B2F12CA03DC0010A352 /* db_logo@2x.png */ = {isa = PBXFileReference; lastKnownFileType = image.png; path = "db_logo@2x.png"; sourceTree = "<group>"; };
		DA548B5C12CA03E80010A352 /* Security.framework */ = {isa = PBXFileReference; lastKnownFileType = wrapper.framework; name = Security.framework; path = System/Library/Frameworks/Security.framework; sourceTree = SDKROOT; };
		DA67304112C82DD400643330 /* Speaker-icon.png */ = {isa = PBXFileReference; lastKnownFileType = image.png; name = "Speaker-icon.png"; path = "resources/Speaker-icon.png"; sourceTree = "<group>"; };
		DA67305812C833C900643330 /* btn_pause_pressed.png */ = {isa = PBXFileReference; lastKnownFileType = image.png; name = btn_pause_pressed.png; path = resources/btn_pause_pressed.png; sourceTree = "<group>"; };
		DA67305912C833C900643330 /* btn_pause.png */ = {isa = PBXFileReference; lastKnownFileType = image.png; name = btn_pause.png; path = resources/btn_pause.png; sourceTree = "<group>"; };
		DA67305A12C833C900643330 /* btn_play_pressed.png */ = {isa = PBXFileReference; lastKnownFileType = image.png; name = btn_play_pressed.png; path = resources/btn_play_pressed.png; sourceTree = "<group>"; };
		DA67305B12C833C900643330 /* btn_play.png */ = {isa = PBXFileReference; lastKnownFileType = image.png; name = btn_play.png; path = resources/btn_play.png; sourceTree = "<group>"; };
		DA9EAC4112C8A8640098EFE5 /* PlayerManager.h */ = {isa = PBXFileReference; fileEncoding = 4; lastKnownFileType = sourcecode.c.h; path = PlayerManager.h; sourceTree = "<group>"; };
		DA9EAC4212C8A8640098EFE5 /* PlayerManager.m */ = {isa = PBXFileReference; fileEncoding = 4; lastKnownFileType = sourcecode.c.objc; path = PlayerManager.m; sourceTree = "<group>"; };
		DA9EAC4312C8A8640098EFE5 /* PlayViewController.h */ = {isa = PBXFileReference; fileEncoding = 4; lastKnownFileType = sourcecode.c.h; path = PlayViewController.h; sourceTree = "<group>"; };
		DA9EAC4412C8A8640098EFE5 /* PlayViewController.m */ = {isa = PBXFileReference; fileEncoding = 4; lastKnownFileType = sourcecode.c.objc; path = PlayViewController.m; sourceTree = "<group>"; };
		DA9EAC4512C8A8640098EFE5 /* DropVoxAppDelegate.h */ = {isa = PBXFileReference; fileEncoding = 4; lastKnownFileType = sourcecode.c.h; path = DropVoxAppDelegate.h; sourceTree = "<group>"; };
		DA9EAC4612C8A8640098EFE5 /* DropVoxAppDelegate.m */ = {isa = PBXFileReference; fileEncoding = 4; lastKnownFileType = sourcecode.c.objc; path = DropVoxAppDelegate.m; sourceTree = "<group>"; };
		DA9EAC4712C8A8640098EFE5 /* main.m */ = {isa = PBXFileReference; fileEncoding = 4; lastKnownFileType = sourcecode.c.objc; path = main.m; sourceTree = "<group>"; };
		DA9EAC4912C8A8640098EFE5 /* PlayerStateCallbackProtocol.h */ = {isa = PBXFileReference; fileEncoding = 4; lastKnownFileType = sourcecode.c.h; path = PlayerStateCallbackProtocol.h; sourceTree = "<group>"; };
		DA9EAC4B12C8A8640098EFE5 /* PlayView.h */ = {isa = PBXFileReference; fileEncoding = 4; lastKnownFileType = sourcecode.c.h; path = PlayView.h; sourceTree = "<group>"; };
		DA9EAC4C12C8A8640098EFE5 /* PlayView.m */ = {isa = PBXFileReference; fileEncoding = 4; lastKnownFileType = sourcecode.c.objc; path = PlayView.m; sourceTree = "<group>"; };
		DA9EAC4D12C8A8640098EFE5 /* UIPlayPauseButton.h */ = {isa = PBXFileReference; fileEncoding = 4; lastKnownFileType = sourcecode.c.h; path = UIPlayPauseButton.h; sourceTree = "<group>"; };
		DA9EAC4E12C8A8640098EFE5 /* UIPlayPauseButton.m */ = {isa = PBXFileReference; fileEncoding = 4; lastKnownFileType = sourcecode.c.objc; path = UIPlayPauseButton.m; sourceTree = "<group>"; };
		DAF54EBD12C8758900BD2060 /* btn_back_pressed.png */ = {isa = PBXFileReference; lastKnownFileType = image.png; name = btn_back_pressed.png; path = resources/btn_back_pressed.png; sourceTree = "<group>"; };
		DAF54EBE12C8758900BD2060 /* btn_back.png */ = {isa = PBXFileReference; lastKnownFileType = image.png; name = btn_back.png; path = resources/btn_back.png; sourceTree = "<group>"; };
		DAF54EBF12C8758900BD2060 /* btn_forward_pressed.png */ = {isa = PBXFileReference; lastKnownFileType = image.png; name = btn_forward_pressed.png; path = resources/btn_forward_pressed.png; sourceTree = "<group>"; };
		DAF54EC012C8758900BD2060 /* btn_forward.png */ = {isa = PBXFileReference; lastKnownFileType = image.png; name = btn_forward.png; path = resources/btn_forward.png; sourceTree = "<group>"; };
		DAF54EC112C8758900BD2060 /* icon_checkmark.png */ = {isa = PBXFileReference; lastKnownFileType = image.png; name = icon_checkmark.png; path = resources/icon_checkmark.png; sourceTree = "<group>"; };
		DAF54EC212C8758900BD2060 /* icon_nowplaying.png */ = {isa = PBXFileReference; lastKnownFileType = image.png; name = icon_nowplaying.png; path = resources/icon_nowplaying.png; sourceTree = "<group>"; };
		DAF54EF512C8780D00BD2060 /* background.png */ = {isa = PBXFileReference; lastKnownFileType = image.png; name = background.png; path = resources/background.png; sourceTree = "<group>"; };
		DAF54EF612C8780D00BD2060 /* background@2x.png */ = {isa = PBXFileReference; lastKnownFileType = image.png; name = "background@2x.png"; path = "resources/background@2x.png"; sourceTree = "<group>"; };
		DAF54F6412C886AA00BD2060 /* AudioToolbox.framework */ = {isa = PBXFileReference; lastKnownFileType = wrapper.framework; name = AudioToolbox.framework; path = System/Library/Frameworks/AudioToolbox.framework; sourceTree = SDKROOT; };
/* End PBXFileReference section */

/* Begin PBXFrameworksBuildPhase section */
		1D60588F0D05DD3D006BFB54 /* Frameworks */ = {
			isa = PBXFrameworksBuildPhase;
			buildActionMask = 2147483647;
			files = (
				1D60589F0D05DD5A006BFB54 /* Foundation.framework in Frameworks */,
				1DF5F4E00D08C38300B7A737 /* UIKit.framework in Frameworks */,
				288765A50DF7441C002DB57D /* CoreGraphics.framework in Frameworks */,
				DAF54F6512C886AA00BD2060 /* AudioToolbox.framework in Frameworks */,
				DA548B5D12CA03E80010A352 /* Security.framework in Frameworks */,
			);
			runOnlyForDeploymentPostprocessing = 0;
		};
/* End PBXFrameworksBuildPhase section */

/* Begin PBXGroup section */
		19C28FACFE9D520D11CA2CBB /* Products */ = {
			isa = PBXGroup;
			children = (
				1D6058910D05DD3D006BFB54 /* DropVox.app */,
			);
			name = Products;
			sourceTree = "<group>";
		};
		29B97314FDCFA39411CA2CEA /* CustomTemplate */ = {
			isa = PBXGroup;
			children = (
				DA9EAC3F12C8A8640098EFE5 /* Code */,
				29B97315FDCFA39411CA2CEA /* Other Sources */,
				29B97317FDCFA39411CA2CEA /* Resources */,
				29B97323FDCFA39411CA2CEA /* Frameworks */,
				19C28FACFE9D520D11CA2CBB /* Products */,
			);
			name = CustomTemplate;
			sourceTree = "<group>";
		};
		29B97315FDCFA39411CA2CEA /* Other Sources */ = {
			isa = PBXGroup;
			children = (
				32CA4F630368D1EE00C91783 /* DropVox_Prefix.pch */,
			);
			name = "Other Sources";
			sourceTree = "<group>";
		};
		29B97317FDCFA39411CA2CEA /* Resources */ = {
			isa = PBXGroup;
			children = (
				DAF54EF512C8780D00BD2060 /* background.png */,
				DAF54EF612C8780D00BD2060 /* background@2x.png */,
				DAF54EBD12C8758900BD2060 /* btn_back_pressed.png */,
				DAF54EBE12C8758900BD2060 /* btn_back.png */,
				DAF54EBF12C8758900BD2060 /* btn_forward_pressed.png */,
				DAF54EC012C8758900BD2060 /* btn_forward.png */,
				DAF54EC112C8758900BD2060 /* icon_checkmark.png */,
				DAF54EC212C8758900BD2060 /* icon_nowplaying.png */,
				DA67305812C833C900643330 /* btn_pause_pressed.png */,
				DA67305912C833C900643330 /* btn_pause.png */,
				DA67305A12C833C900643330 /* btn_play_pressed.png */,
				DA67305B12C833C900643330 /* btn_play.png */,
				DA67304112C82DD400643330 /* Speaker-icon.png */,
				28AD733E0D9D9553002E5188 /* MainWindow.xib */,
				8D1107310486CEB800E47090 /* DropVox-Info.plist */,
			);
			name = Resources;
			sourceTree = "<group>";
		};
		29B97323FDCFA39411CA2CEA /* Frameworks */ = {
			isa = PBXGroup;
			children = (
				1DF5F4DF0D08C38300B7A737 /* UIKit.framework */,
				1D30AB110D05D00D00671497 /* Foundation.framework */,
				288765A40DF7441C002DB57D /* CoreGraphics.framework */,
				DAF54F6412C886AA00BD2060 /* AudioToolbox.framework */,
				DA548B5C12CA03E80010A352 /* Security.framework */,
			);
			name = Frameworks;
			sourceTree = "<group>";
		};
		DA54877612C9345F0010A352 /* Models */ = {
			isa = PBXGroup;
			children = (
			);
			path = Models;
			sourceTree = "<group>";
		};
		DA548AD912CA03DB0010A352 /* DropboxSDK */ = {
			isa = PBXGroup;
			children = (
				DA548ADA12CA03DB0010A352 /* DBAccountInfo.h */,
				DA548ADB12CA03DB0010A352 /* DBAccountInfo.m */,
				DA548ADC12CA03DB0010A352 /* DBCreateAccountController.h */,
				DA548ADD12CA03DB0010A352 /* DBCreateAccountController.m */,
				DA548ADE12CA03DB0010A352 /* DBError.h */,
				DA548ADF12CA03DB0010A352 /* DBError.m */,
				DA548AE012CA03DB0010A352 /* DBLoadingView.h */,
				DA548AE112CA03DB0010A352 /* DBLoadingView.m */,
				DA548AE212CA03DB0010A352 /* DBLoginController.h */,
				DA548AE312CA03DB0010A352 /* DBLoginController.m */,
				DA548AE412CA03DB0010A352 /* DBMetadata.h */,
				DA548AE512CA03DB0010A352 /* DBMetadata.m */,
				DA548AE612CA03DB0010A352 /* DBQuota.h */,
				DA548AE712CA03DB0010A352 /* DBQuota.m */,
				DA548AE812CA03DB0010A352 /* DBRequest.h */,
				DA548AE912CA03DB0010A352 /* DBRequest.m */,
				DA548AEA12CA03DB0010A352 /* DBRestClient.h */,
				DA548AEB12CA03DB0010A352 /* DBRestClient.m */,
				DA548AEC12CA03DB0010A352 /* DBSession.h */,
				DA548AED12CA03DB0010A352 /* DBSession.m */,
				DA548AEE12CA03DB0010A352 /* DropboxSDK.h */,
				DA548AEF12CA03DB0010A352 /* JSON */,
				DA548AFD12CA03DC0010A352 /* MPOAuth */,
				DA548B2212CA03DC0010A352 /* NSString+Dropbox.h */,
				DA548B2312CA03DC0010A352 /* NSString+Dropbox.m */,
				DA548B2412CA03DC0010A352 /* Resources */,
			);
			path = DropboxSDK;
			sourceTree = "<group>";
		};
		DA548AEF12CA03DB0010A352 /* JSON */ = {
			isa = PBXGroup;
			children = (
				DA548AF012CA03DC0010A352 /* JSON.h */,
				DA548AF112CA03DC0010A352 /* NSObject+SBJSON.h */,
				DA548AF212CA03DC0010A352 /* NSObject+SBJSON.m */,
				DA548AF312CA03DC0010A352 /* NSString+SBJSON.h */,
				DA548AF412CA03DC0010A352 /* NSString+SBJSON.m */,
				DA548AF512CA03DC0010A352 /* SBJSON.h */,
				DA548AF612CA03DC0010A352 /* SBJSON.m */,
				DA548AF712CA03DC0010A352 /* SBJsonBase.h */,
				DA548AF812CA03DC0010A352 /* SBJsonBase.m */,
				DA548AF912CA03DC0010A352 /* SBJsonParser.h */,
				DA548AFA12CA03DC0010A352 /* SBJsonParser.m */,
				DA548AFB12CA03DC0010A352 /* SBJsonWriter.h */,
				DA548AFC12CA03DC0010A352 /* SBJsonWriter.m */,
			);
			path = JSON;
			sourceTree = "<group>";
		};
		DA548AFD12CA03DC0010A352 /* MPOAuth */ = {
			isa = PBXGroup;
			children = (
				DA548AFE12CA03DC0010A352 /* Crypto */,
				DA548B0112CA03DC0010A352 /* MPDebug.h */,
				DA548B0212CA03DC0010A352 /* MPOAuth.h */,
				DA548B0312CA03DC0010A352 /* MPOAuthAPI.h */,
				DA548B0412CA03DC0010A352 /* MPOAuthAPI.m */,
				DA548B0512CA03DC0010A352 /* MPOAuthAPIRequestLoader.h */,
				DA548B0612CA03DC0010A352 /* MPOAuthAPIRequestLoader.m */,
				DA548B0712CA03DC0010A352 /* MPOAuthAuthenticationMethod.h */,
				DA548B0812CA03DC0010A352 /* MPOAuthAuthenticationMethod.m */,
				DA548B0912CA03DC0010A352 /* MPOAuthAuthenticationMethodOAuth.h */,
				DA548B0A12CA03DC0010A352 /* MPOAuthAuthenticationMethodOAuth.m */,
				DA548B0B12CA03DC0010A352 /* MPOAuthConnection.h */,
				DA548B0C12CA03DC0010A352 /* MPOAuthConnection.m */,
				DA548B0D12CA03DC0010A352 /* MPOAuthCredentiaIConcreteStore+KeychainAdditionsMac.m */,
				DA548B0E12CA03DC0010A352 /* MPOAuthCredentialConcreteStore+KeychainAdditions.h */,
				DA548B0F12CA03DC0010A352 /* MPOAuthCredentialConcreteStore+KeychainAdditionsiPhone.m */,
				DA548B1012CA03DC0010A352 /* MPOAuthCredentialConcreteStore.h */,
				DA548B1112CA03DC0010A352 /* MPOAuthCredentialConcreteStore.m */,
				DA548B1212CA03DC0010A352 /* MPOAuthCredentialStore.h */,
				DA548B1312CA03DC0010A352 /* MPOAuthParameterFactory.h */,
				DA548B1412CA03DC0010A352 /* MPOAuthSignatureParameter.h */,
				DA548B1512CA03DC0010A352 /* MPOAuthSignatureParameter.m */,
				DA548B1612CA03DC0010A352 /* MPOAuthURLRequest.h */,
				DA548B1712CA03DC0010A352 /* MPOAuthURLRequest.m */,
				DA548B1812CA03DC0010A352 /* MPOAuthURLResponse.h */,
				DA548B1912CA03DC0010A352 /* MPOAuthURLResponse.m */,
				DA548B1A12CA03DC0010A352 /* MPURLRequestParameter.h */,
				DA548B1B12CA03DC0010A352 /* MPURLRequestParameter.m */,
				DA548B1C12CA03DC0010A352 /* NSString+URLEscapingAdditions.h */,
				DA548B1D12CA03DC0010A352 /* NSString+URLEscapingAdditions.m */,
				DA548B1E12CA03DC0010A352 /* NSURL+MPURLParameterAdditions.h */,
				DA548B1F12CA03DC0010A352 /* NSURL+MPURLParameterAdditions.m */,
				DA548B2012CA03DC0010A352 /* NSURLResponse+Encoding.h */,
				DA548B2112CA03DC0010A352 /* NSURLResponse+Encoding.m */,
			);
			path = MPOAuth;
			sourceTree = "<group>";
		};
		DA548AFE12CA03DC0010A352 /* Crypto */ = {
			isa = PBXGroup;
			children = (
				DA548AFF12CA03DC0010A352 /* Base64Transcoder.c */,
				DA548B0012CA03DC0010A352 /* Base64Transcoder.h */,
			);
			path = Crypto;
			sourceTree = "<group>";
		};
		DA548B2412CA03DC0010A352 /* Resources */ = {
			isa = PBXGroup;
			children = (
				DA548B2512CA03DC0010A352 /* db_background.png */,
				DA548B2612CA03DC0010A352 /* db_create_account.png */,
				DA548B2712CA03DC0010A352 /* db_create_account@2x.png */,
				DA548B2812CA03DC0010A352 /* db_create_account_button.png */,
				DA548B2912CA03DC0010A352 /* db_create_account_button_down.png */,
				DA548B2A12CA03DC0010A352 /* db_link_button.png */,
				DA548B2B12CA03DC0010A352 /* db_link_button_down.png */,
				DA548B2C12CA03DC0010A352 /* db_link_header.png */,
				DA548B2D12CA03DC0010A352 /* db_link_header@2x.png */,
				DA548B2E12CA03DC0010A352 /* db_logo.png */,
				DA548B2F12CA03DC0010A352 /* db_logo@2x.png */,
			);
			path = Resources;
			sourceTree = "<group>";
		};
		DA9EAC3F12C8A8640098EFE5 /* Code */ = {
			isa = PBXGroup;
			children = (
				DA548AD912CA03DB0010A352 /* DropboxSDK */,
				DA9EAC4012C8A8640098EFE5 /* Controllers */,
				DA54877612C9345F0010A352 /* Models */,
				DA9EAC4A12C8A8640098EFE5 /* Views */,
				DA9EAC4812C8A8640098EFE5 /* Protocols */,
				DA9EAC4512C8A8640098EFE5 /* DropVoxAppDelegate.h */,
				DA9EAC4612C8A8640098EFE5 /* DropVoxAppDelegate.m */,
				DA9EAC4712C8A8640098EFE5 /* main.m */,
				DA54877912C934F20010A352 /* GlobalTypes.h */,
			);
			path = Code;
			sourceTree = "<group>";
		};
		DA9EAC4012C8A8640098EFE5 /* Controllers */ = {
			isa = PBXGroup;
			children = (
				DA9EAC4112C8A8640098EFE5 /* PlayerManager.h */,
				DA9EAC4212C8A8640098EFE5 /* PlayerManager.m */,
				DA9EAC4312C8A8640098EFE5 /* PlayViewController.h */,
				DA9EAC4412C8A8640098EFE5 /* PlayViewController.m */,
				DA54883212C955C90010A352 /* DropboxManager.h */,
				DA54883312C955C90010A352 /* DropboxManager.m */,
				DA54884012C957660010A352 /* DropboxLoginViewController.h */,
				DA54884112C957660010A352 /* DropboxLoginViewController.m */,
			);
			path = Controllers;
			sourceTree = "<group>";
		};
		DA9EAC4812C8A8640098EFE5 /* Protocols */ = {
			isa = PBXGroup;
			children = (
				DA9EAC4912C8A8640098EFE5 /* PlayerStateCallbackProtocol.h */,
			);
			path = Protocols;
			sourceTree = "<group>";
		};
		DA9EAC4A12C8A8640098EFE5 /* Views */ = {
			isa = PBXGroup;
			children = (
				DA9EAC4B12C8A8640098EFE5 /* PlayView.h */,
				DA9EAC4C12C8A8640098EFE5 /* PlayView.m */,
				DA9EAC4D12C8A8640098EFE5 /* UIPlayPauseButton.h */,
				DA9EAC4E12C8A8640098EFE5 /* UIPlayPauseButton.m */,
				DA5489E412C9EECE0010A352 /* UITableViewTextFieldCell.h */,
				DA5489E512C9EECE0010A352 /* UITableViewTextFieldCell.m */,
			);
			path = Views;
			sourceTree = "<group>";
		};
/* End PBXGroup section */

/* Begin PBXNativeTarget section */
		1D6058900D05DD3D006BFB54 /* DropVox */ = {
			isa = PBXNativeTarget;
			buildConfigurationList = 1D6058960D05DD3E006BFB54 /* Build configuration list for PBXNativeTarget "DropVox" */;
			buildPhases = (
				1D60588D0D05DD3D006BFB54 /* Resources */,
				1D60588E0D05DD3D006BFB54 /* Sources */,
				1D60588F0D05DD3D006BFB54 /* Frameworks */,
			);
			buildRules = (
			);
			dependencies = (
			);
			name = DropVox;
			productName = DropVox;
			productReference = 1D6058910D05DD3D006BFB54 /* DropVox.app */;
			productType = "com.apple.product-type.application";
		};
/* End PBXNativeTarget section */

/* Begin PBXProject section */
		29B97313FDCFA39411CA2CEA /* Project object */ = {
			isa = PBXProject;
			buildConfigurationList = C01FCF4E08A954540054247B /* Build configuration list for PBXProject "DropVox" */;
			compatibilityVersion = "Xcode 3.1";
			hasScannedForEncodings = 1;
			mainGroup = 29B97314FDCFA39411CA2CEA /* CustomTemplate */;
			projectDirPath = "";
			projectRoot = "";
			targets = (
				1D6058900D05DD3D006BFB54 /* DropVox */,
			);
		};
/* End PBXProject section */

/* Begin PBXResourcesBuildPhase section */
		1D60588D0D05DD3D006BFB54 /* Resources */ = {
			isa = PBXResourcesBuildPhase;
			buildActionMask = 2147483647;
			files = (
				28AD733F0D9D9553002E5188 /* MainWindow.xib in Resources */,
				DA67304212C82DD400643330 /* Speaker-icon.png in Resources */,
				DA67305C12C833C900643330 /* btn_pause_pressed.png in Resources */,
				DA67305D12C833C900643330 /* btn_pause.png in Resources */,
				DA67305E12C833C900643330 /* btn_play_pressed.png in Resources */,
				DA67305F12C833C900643330 /* btn_play.png in Resources */,
				DAF54EC412C8758900BD2060 /* btn_back_pressed.png in Resources */,
				DAF54EC512C8758900BD2060 /* btn_back.png in Resources */,
				DAF54EC612C8758900BD2060 /* btn_forward_pressed.png in Resources */,
				DAF54EC712C8758900BD2060 /* btn_forward.png in Resources */,
				DAF54EC812C8758900BD2060 /* icon_checkmark.png in Resources */,
				DAF54EC912C8758900BD2060 /* icon_nowplaying.png in Resources */,
				DAF54EF712C8780D00BD2060 /* background.png in Resources */,
				DAF54EF812C8780D00BD2060 /* background@2x.png in Resources */,
				DA548B5112CA03DC0010A352 /* db_background.png in Resources */,
				DA548B5212CA03DC0010A352 /* db_create_account.png in Resources */,
				DA548B5312CA03DC0010A352 /* db_create_account@2x.png in Resources */,
				DA548B5412CA03DC0010A352 /* db_create_account_button.png in Resources */,
				DA548B5512CA03DC0010A352 /* db_create_account_button_down.png in Resources */,
				DA548B5612CA03DC0010A352 /* db_link_button.png in Resources */,
				DA548B5712CA03DC0010A352 /* db_link_button_down.png in Resources */,
				DA548B5812CA03DC0010A352 /* db_link_header.png in Resources */,
				DA548B5912CA03DC0010A352 /* db_link_header@2x.png in Resources */,
				DA548B5A12CA03DC0010A352 /* db_logo.png in Resources */,
				DA548B5B12CA03DC0010A352 /* db_logo@2x.png in Resources */,
			);
			runOnlyForDeploymentPostprocessing = 0;
		};
/* End PBXResourcesBuildPhase section */

/* Begin PBXSourcesBuildPhase section */
		1D60588E0D05DD3D006BFB54 /* Sources */ = {
			isa = PBXSourcesBuildPhase;
			buildActionMask = 2147483647;
			files = (
				DA9EAC4F12C8A8640098EFE5 /* PlayerManager.m in Sources */,
				DA9EAC5012C8A8640098EFE5 /* PlayViewController.m in Sources */,
				DA9EAC5112C8A8640098EFE5 /* DropVoxAppDelegate.m in Sources */,
				DA9EAC5212C8A8640098EFE5 /* main.m in Sources */,
				DA9EAC5312C8A8640098EFE5 /* PlayView.m in Sources */,
				DA9EAC5412C8A8640098EFE5 /* UIPlayPauseButton.m in Sources */,
				DA54883412C955C90010A352 /* DropboxManager.m in Sources */,
				DA54884212C957660010A352 /* DropboxLoginViewController.m in Sources */,
				DA5489E612C9EECE0010A352 /* UITableViewTextFieldCell.m in Sources */,
				DA548B3012CA03DC0010A352 /* DBAccountInfo.m in Sources */,
				DA548B3112CA03DC0010A352 /* DBCreateAccountController.m in Sources */,
				DA548B3212CA03DC0010A352 /* DBError.m in Sources */,
				DA548B3312CA03DC0010A352 /* DBLoadingView.m in Sources */,
				DA548B3412CA03DC0010A352 /* DBLoginController.m in Sources */,
				DA548B3512CA03DC0010A352 /* DBMetadata.m in Sources */,
				DA548B3612CA03DC0010A352 /* DBQuota.m in Sources */,
				DA548B3712CA03DC0010A352 /* DBRequest.m in Sources */,
				DA548B3812CA03DC0010A352 /* DBRestClient.m in Sources */,
				DA548B3912CA03DC0010A352 /* DBSession.m in Sources */,
				DA548B3A12CA03DC0010A352 /* NSObject+SBJSON.m in Sources */,
				DA548B3B12CA03DC0010A352 /* NSString+SBJSON.m in Sources */,
				DA548B3C12CA03DC0010A352 /* SBJSON.m in Sources */,
				DA548B3D12CA03DC0010A352 /* SBJsonBase.m in Sources */,
				DA548B3E12CA03DC0010A352 /* SBJsonParser.m in Sources */,
				DA548B3F12CA03DC0010A352 /* SBJsonWriter.m in Sources */,
				DA548B4012CA03DC0010A352 /* Base64Transcoder.c in Sources */,
				DA548B4112CA03DC0010A352 /* MPOAuthAPI.m in Sources */,
				DA548B4212CA03DC0010A352 /* MPOAuthAPIRequestLoader.m in Sources */,
				DA548B4312CA03DC0010A352 /* MPOAuthAuthenticationMethod.m in Sources */,
				DA548B4412CA03DC0010A352 /* MPOAuthAuthenticationMethodOAuth.m in Sources */,
				DA548B4512CA03DC0010A352 /* MPOAuthConnection.m in Sources */,
				DA548B4612CA03DC0010A352 /* MPOAuthCredentiaIConcreteStore+KeychainAdditionsMac.m in Sources */,
				DA548B4712CA03DC0010A352 /* MPOAuthCredentialConcreteStore+KeychainAdditionsiPhone.m in Sources */,
				DA548B4812CA03DC0010A352 /* MPOAuthCredentialConcreteStore.m in Sources */,
				DA548B4912CA03DC0010A352 /* MPOAuthSignatureParameter.m in Sources */,
				DA548B4A12CA03DC0010A352 /* MPOAuthURLRequest.m in Sources */,
				DA548B4B12CA03DC0010A352 /* MPOAuthURLResponse.m in Sources */,
				DA548B4C12CA03DC0010A352 /* MPURLRequestParameter.m in Sources */,
				DA548B4D12CA03DC0010A352 /* NSString+URLEscapingAdditions.m in Sources */,
				DA548B4E12CA03DC0010A352 /* NSURL+MPURLParameterAdditions.m in Sources */,
				DA548B4F12CA03DC0010A352 /* NSURLResponse+Encoding.m in Sources */,
				DA548B5012CA03DC0010A352 /* NSString+Dropbox.m in Sources */,
			);
			runOnlyForDeploymentPostprocessing = 0;
		};
/* End PBXSourcesBuildPhase section */

/* Begin XCBuildConfiguration section */
		1D6058940D05DD3E006BFB54 /* Debug */ = {
			isa = XCBuildConfiguration;
			buildSettings = {
				ALWAYS_SEARCH_USER_PATHS = NO;
				COPY_PHASE_STRIP = NO;
				GCC_DYNAMIC_NO_PIC = NO;
				GCC_OPTIMIZATION_LEVEL = 0;
				GCC_PRECOMPILE_PREFIX_HEADER = YES;
				GCC_PREFIX_HEADER = DropVox_Prefix.pch;
				INFOPLIST_FILE = "DropVox-Info.plist";
				PRODUCT_NAME = DropVox;
			};
			name = Debug;
		};
		1D6058950D05DD3E006BFB54 /* Release */ = {
			isa = XCBuildConfiguration;
			buildSettings = {
				ALWAYS_SEARCH_USER_PATHS = NO;
				COPY_PHASE_STRIP = YES;
				GCC_PRECOMPILE_PREFIX_HEADER = YES;
				GCC_PREFIX_HEADER = DropVox_Prefix.pch;
				INFOPLIST_FILE = "DropVox-Info.plist";
				PRODUCT_NAME = DropVox;
				VALIDATE_PRODUCT = YES;
			};
			name = Release;
		};
		C01FCF4F08A954540054247B /* Debug */ = {
			isa = XCBuildConfiguration;
			buildSettings = {
				ARCHS = "$(ARCHS_STANDARD_32_BIT)";
				"CODE_SIGN_IDENTITY[sdk=iphoneos*]" = "iPhone Developer";
				GCC_C_LANGUAGE_STANDARD = c99;
				GCC_WARN_ABOUT_RETURN_TYPE = YES;
				GCC_WARN_UNUSED_VARIABLE = YES;
				PREBINDING = NO;
				SDKROOT = iphoneos4.0;
			};
			name = Debug;
		};
		C01FCF5008A954540054247B /* Release */ = {
			isa = XCBuildConfiguration;
			buildSettings = {
				ARCHS = "$(ARCHS_STANDARD_32_BIT)";
				"CODE_SIGN_IDENTITY[sdk=iphoneos*]" = "iPhone Developer";
				GCC_C_LANGUAGE_STANDARD = c99;
				GCC_WARN_ABOUT_RETURN_TYPE = YES;
				GCC_WARN_UNUSED_VARIABLE = YES;
				OTHER_CFLAGS = "-DNS_BLOCK_ASSERTIONS=1";
				PREBINDING = NO;
				SDKROOT = iphoneos4.0;
			};
			name = Release;
		};
/* End XCBuildConfiguration section */

/* Begin XCConfigurationList section */
		1D6058960D05DD3E006BFB54 /* Build configuration list for PBXNativeTarget "DropVox" */ = {
			isa = XCConfigurationList;
			buildConfigurations = (
				1D6058940D05DD3E006BFB54 /* Debug */,
				1D6058950D05DD3E006BFB54 /* Release */,
			);
			defaultConfigurationIsVisible = 0;
			defaultConfigurationName = Release;
		};
		C01FCF4E08A954540054247B /* Build configuration list for PBXProject "DropVox" */ = {
			isa = XCConfigurationList;
			buildConfigurations = (
				C01FCF4F08A954540054247B /* Debug */,
				C01FCF5008A954540054247B /* Release */,
			);
			defaultConfigurationIsVisible = 0;
			defaultConfigurationName = Release;
		};
/* End XCConfigurationList section */
	};
	rootObject = 29B97313FDCFA39411CA2CEA /* Project object */;
}
